
Microsoft Visual Studio Solution File, Format Version 12.00
# Visual Studio Version 16
VisualStudioVersion = 16.0.30517.126
MinimumVisualStudioVersion = 10.0.40219.1
Project("{FAE04EC0-301F-11D3-BF4B-00C04F79EFBC}") = "DataStructures", "DataStructures\DataStructures.csproj", "{AB49DB19-4C27-46DB-B6E1-BB45C19E0E13}"
EndProject
Global
	GlobalSection(SolutionConfigurationPlatforms) = preSolution
		Debug|Any CPU = Debug|Any CPU
		Release|Any CPU = Release|Any CPU
	EndGlobalSection
	GlobalSection(ProjectConfigurationPlatforms) = postSolution
		{AB49DB19-4C27-46DB-B6E1-BB45C19E0E13}.Debug|Any CPU.ActiveCfg = Debug|Any CPU
		{AB49DB19-4C27-46DB-B6E1-BB45C19E0E13}.Debug|Any CPU.Build.0 = Debug|Any CPU
		{AB49DB19-4C27-46DB-B6E1-BB45C19E0E13}.Release|Any CPU.ActiveCfg = Release|Any CPU
		{AB49DB19-4C27-46DB-B6E1-BB45C19E0E13}.Release|Any CPU.Build.0 = Release|Any CPU
	EndGlobalSection
	GlobalSection(SolutionProperties) = preSolution
		HideSolutionNode = FALSE
	EndGlobalSection
	GlobalSection(ExtensibilityGlobals) = postSolution
		SolutionGuid = {56063A15-9268-46F6-BDF2-FBBEABDEC9A5}
	EndGlobalSection
EndGlobal
